
Microsoft Visual Studio Solution File, Format Version 12.00
# Visual Studio Version 17
VisualStudioVersion = 17.0.31903.59
MinimumVisualStudioVersion = 10.0.40219.1
Project("{FAE04EC0-301F-11D3-BF4B-00C04F79EFBC}") = "FillSpheres", "FillSpheres\FillSpheres.csproj", "{24EF3751-64C3-4331-B323-19B6D839217E}"
EndProject
Project("{FAE04EC0-301F-11D3-BF4B-00C04F79EFBC}") = "BetterFillSpheres", "BetterFillSpheres\BetterFillSpheres.csproj", "{EAA32C14-B995-4ADA-9EA5-21EA820BBAC0}"
EndProject
Project("{FAE04EC0-301F-11D3-BF4B-00C04F79EFBC}") = "PlayerStats", "PlayerStats\PlayerStats.csproj", "{9F856643-5F37-409D-A7BD-91D1C7A56E87}"
EndProject
Global
	GlobalSection(SolutionConfigurationPlatforms) = preSolution
		Debug|Any CPU = Debug|Any CPU
		Release|Any CPU = Release|Any CPU
	EndGlobalSection
	GlobalSection(SolutionProperties) = preSolution
		HideSolutionNode = FALSE
	EndGlobalSection
	GlobalSection(ProjectConfigurationPlatforms) = postSolution
		{24EF3751-64C3-4331-B323-19B6D839217E}.Debug|Any CPU.ActiveCfg = Debug|Any CPU
		{24EF3751-64C3-4331-B323-19B6D839217E}.Debug|Any CPU.Build.0 = Debug|Any CPU
		{24EF3751-64C3-4331-B323-19B6D839217E}.Release|Any CPU.ActiveCfg = Release|Any CPU
		{24EF3751-64C3-4331-B323-19B6D839217E}.Release|Any CPU.Build.0 = Release|Any CPU
		{EAA32C14-B995-4ADA-9EA5-21EA820BBAC0}.Debug|Any CPU.ActiveCfg = Debug|Any CPU
		{EAA32C14-B995-4ADA-9EA5-21EA820BBAC0}.Debug|Any CPU.Build.0 = Debug|Any CPU
		{EAA32C14-B995-4ADA-9EA5-21EA820BBAC0}.Release|Any CPU.ActiveCfg = Release|Any CPU
		{EAA32C14-B995-4ADA-9EA5-21EA820BBAC0}.Release|Any CPU.Build.0 = Release|Any CPU
		{9F856643-5F37-409D-A7BD-91D1C7A56E87}.Debug|Any CPU.ActiveCfg = Debug|Any CPU
		{9F856643-5F37-409D-A7BD-91D1C7A56E87}.Debug|Any CPU.Build.0 = Debug|Any CPU
		{9F856643-5F37-409D-A7BD-91D1C7A56E87}.Release|Any CPU.ActiveCfg = Release|Any CPU
		{9F856643-5F37-409D-A7BD-91D1C7A56E87}.Release|Any CPU.Build.0 = Release|Any CPU
	EndGlobalSection
EndGlobal
